# This file was autogenerated by Stack.
# You should not edit this file by hand.
# For more information, please see the documentation at:
#   https://docs.haskellstack.org/en/stable/lock_files

packages:
- completed:
    hackage: trivial-constraint-0.4.0.0@sha256:819468024c1eab92abdbb52427a81a6e31bbd458cd0185b4709310569d08256a,1679
    pantry-tree:
      size: 234
      sha256: 7a0496a6fcd802a4510d62857d1bd4fba4b7d7305f26600c19abbfc75258742b
  original:
    hackage: trivial-constraint-0.4.0.0@sha256:819468024c1eab92abdbb52427a81a6e31bbd458cd0185b4709310569d08256a,1679
- completed:
    hackage: constrained-categories-0.4.1.0@sha256:388757eb8ec34aca27feec47d84e0407ddae452984e7ede3bd62f3b37afead3f,3482
    pantry-tree:
      size: 1054
      sha256: 0747857df2bcc667534607a740b41ab3701cd6fc4c52f13254319a486c8de02c
  original:
    hackage: constrained-categories-0.4.1.0@sha256:388757eb8ec34aca27feec47d84e0407ddae452984e7ede3bd62f3b37afead3f,3482
snapshots:
- completed:
    size: 567037
    url: https://raw.githubusercontent.com/commercialhaskell/stackage-snapshots/master/lts/17/9.yaml
    sha256: d7d8d5106e53d1669964bd8bd2b0f88a5ad192d772f5376384b76738fd992311
  original: lts-17.9
